
Microsoft Visual Studio Solution File, Format Version 12.00
# Visual Studio Version 17
VisualStudioVersion = 17.6.33829.357
MinimumVisualStudioVersion = 10.0.40219.1
Project("{8BC9CEB8-8B4A-11D0-8D11-00A0C91BC942}") = "Project1", "Project1\Project1.vcxproj", "{98522070-FDFA-4E53-A347-7AB231A1AFB8}"
EndProject
Global
	GlobalSection(SolutionConfigurationPlatforms) = preSolution
		Debug|x64 = Debug|x64
		Debug|x86 = Debug|x86
		Release|x64 = Release|x64
		Release|x86 = Release|x86
	EndGlobalSection
	GlobalSection(ProjectConfigurationPlatforms) = postSolution
		{98522070-FDFA-4E53-A347-7AB231A1AFB8}.Debug|x64.ActiveCfg = Debug|x64
		{98522070-FDFA-4E53-A347-7AB231A1AFB8}.Debug|x64.Build.0 = Debug|x64
		{98522070-FDFA-4E53-A347-7AB231A1AFB8}.Debug|x86.ActiveCfg = Debug|Win32
		{98522070-FDFA-4E53-A347-7AB231A1AFB8}.Debug|x86.Build.0 = Debug|Win32
		{98522070-FDFA-4E53-A347-7AB231A1AFB8}.Release|x64.ActiveCfg = Release|x64
		{98522070-FDFA-4E53-A347-7AB231A1AFB8}.Release|x64.Build.0 = Release|x64
		{98522070-FDFA-4E53-A347-7AB231A1AFB8}.Release|x86.ActiveCfg = Release|Win32
		{98522070-FDFA-4E53-A347-7AB231A1AFB8}.Release|x86.Build.0 = Release|Win32
	EndGlobalSection
	GlobalSection(SolutionProperties) = preSolution
		HideSolutionNode = FALSE
	EndGlobalSection
	GlobalSection(ExtensibilityGlobals) = postSolution
		SolutionGuid = {68AA4225-DAEC-4192-8A7E-01643504C059}
	EndGlobalSection
EndGlobal
